// !$*UTF8*$!
{
	archiveVersion = 1;
	classes = {
	};
	objectVersion = 50;
	objects = {

/* Begin PBXBuildFile section */
		424E62DF24FC3CD500505729 /* Utilities.swift in Sources */ = {isa = PBXBuildFile; fileRef = 424E62DE24FC3CD500505729 /* Utilities.swift */; };
		424E62E224FC433400505729 /* MovieListState.swift in Sources */ = {isa = PBXBuildFile; fileRef = 424E62E124FC433400505729 /* MovieListState.swift */; };
		424E62E424FC43EF00505729 /* MoviePosterView.swift in Sources */ = {isa = PBXBuildFile; fileRef = 424E62E324FC43EF00505729 /* MoviePosterView.swift */; };
		424E62E624FC443C00505729 /* MoviePosterCard.swift in Sources */ = {isa = PBXBuildFile; fileRef = 424E62E524FC443C00505729 /* MoviePosterCard.swift */; };
		424E62E824FC446100505729 /* MovieDetailView.swift in Sources */ = {isa = PBXBuildFile; fileRef = 424E62E724FC446100505729 /* MovieDetailView.swift */; };
		424E62EA24FC449500505729 /* ImageLoader.swift in Sources */ = {isa = PBXBuildFile; fileRef = 424E62E924FC449500505729 /* ImageLoader.swift */; };
		424E62EC24FC44B600505729 /* MovieDetailState.swift in Sources */ = {isa = PBXBuildFile; fileRef = 424E62EB24FC44B600505729 /* MovieDetailState.swift */; };
		424E62EE24FC44D600505729 /* LoadingView.swift in Sources */ = {isa = PBXBuildFile; fileRef = 424E62ED24FC44D600505729 /* LoadingView.swift */; };
		424E62F124FC450B00505729 /* ActivityIndicatorView.swift in Sources */ = {isa = PBXBuildFile; fileRef = 424E62F024FC450B00505729 /* ActivityIndicatorView.swift */; };
		424E62F324FC452200505729 /* SafariView.swift in Sources */ = {isa = PBXBuildFile; fileRef = 424E62F224FC452200505729 /* SafariView.swift */; };
		424E62F524FC4D4C00505729 /* PlainButtonStyle.swift in Sources */ = {isa = PBXBuildFile; fileRef = 424E62F424FC4D4C00505729 /* PlainButtonStyle.swift */; };
		424E62F724FC5F5A00505729 /* MovieSearchState.swift in Sources */ = {isa = PBXBuildFile; fileRef = 424E62F624FC5F5A00505729 /* MovieSearchState.swift */; };
		424E62F924FC616A00505729 /* SearchBarView.swift in Sources */ = {isa = PBXBuildFile; fileRef = 424E62F824FC616A00505729 /* SearchBarView.swift */; };
		424E62FB24FC628800505729 /* DiscoverSceneView.swift in Sources */ = {isa = PBXBuildFile; fileRef = 424E62FA24FC628800505729 /* DiscoverSceneView.swift */; };
		424E62FD24FC654E00505729 /* MyListSceneView.swift in Sources */ = {isa = PBXBuildFile; fileRef = 424E62FC24FC654E00505729 /* MyListSceneView.swift */; };
		424E630B250AA3A400505729 /* MoviePosterCarouselView.swift in Sources */ = {isa = PBXBuildFile; fileRef = 424E630A250AA3A400505729 /* MoviePosterCarouselView.swift */; };
		424E630D250AAF1200505729 /* Genre.swift in Sources */ = {isa = PBXBuildFile; fileRef = 424E630C250AAF1200505729 /* Genre.swift */; };
		424E630F250AAF3F00505729 /* NetworkingService.swift in Sources */ = {isa = PBXBuildFile; fileRef = 424E630E250AAF3F00505729 /* NetworkingService.swift */; };
		424E6311250AB5A800505729 /* GenreListState.swift in Sources */ = {isa = PBXBuildFile; fileRef = 424E6310250AB5A800505729 /* GenreListState.swift */; };
		424E6313250AB97500505729 /* GenreCarouselView.swift in Sources */ = {isa = PBXBuildFile; fileRef = 424E6312250AB97500505729 /* GenreCarouselView.swift */; };
		424E6315250ABD9300505729 /* MoviePage.swift in Sources */ = {isa = PBXBuildFile; fileRef = 424E6314250ABD9300505729 /* MoviePage.swift */; };
		424E6317250AC11D00505729 /* MoviesByGenreListState.swift in Sources */ = {isa = PBXBuildFile; fileRef = 424E6316250AC11D00505729 /* MoviesByGenreListState.swift */; };
		42D2C98424F2BBFE000F0067 /* AppDelegate.swift in Sources */ = {isa = PBXBuildFile; fileRef = 42D2C98324F2BBFE000F0067 /* AppDelegate.swift */; };
		42D2C98624F2BBFE000F0067 /* SceneDelegate.swift in Sources */ = {isa = PBXBuildFile; fileRef = 42D2C98524F2BBFE000F0067 /* SceneDelegate.swift */; };
		42D2C98924F2BBFE000F0067 /* PopcornSwirl.xcdatamodeld in Sources */ = {isa = PBXBuildFile; fileRef = 42D2C98724F2BBFE000F0067 /* PopcornSwirl.xcdatamodeld */; };
		42D2C98B24F2BBFE000F0067 /* ContentView.swift in Sources */ = {isa = PBXBuildFile; fileRef = 42D2C98A24F2BBFE000F0067 /* ContentView.swift */; };
		42D2C98D24F2BBFF000F0067 /* Assets.xcassets in Resources */ = {isa = PBXBuildFile; fileRef = 42D2C98C24F2BBFF000F0067 /* Assets.xcassets */; };
		42D2C99024F2BBFF000F0067 /* Preview Assets.xcassets in Resources */ = {isa = PBXBuildFile; fileRef = 42D2C98F24F2BBFF000F0067 /* Preview Assets.xcassets */; };
		42D2C99324F2BBFF000F0067 /* LaunchScreen.storyboard in Resources */ = {isa = PBXBuildFile; fileRef = 42D2C99124F2BBFF000F0067 /* LaunchScreen.storyboard */; };
		42D2C9A024FB090E000F0067 /* Color.swift in Sources */ = {isa = PBXBuildFile; fileRef = 42D2C99F24FB090E000F0067 /* Color.swift */; };
		42D2C9A524FB0A41000F0067 /* American Captain.otf in Resources */ = {isa = PBXBuildFile; fileRef = 42D2C9A224FB0A40000F0067 /* American Captain.otf */; };
		42D2C9A624FB0A41000F0067 /* FjallaOne-Regular.ttf in Resources */ = {isa = PBXBuildFile; fileRef = 42D2C9A324FB0A40000F0067 /* FjallaOne-Regular.ttf */; };
		42D2C9A724FB0A41000F0067 /* FHACondFrenchNC.otf in Resources */ = {isa = PBXBuildFile; fileRef = 42D2C9A424FB0A40000F0067 /* FHACondFrenchNC.otf */; };
		42D2C9A924FB0B16000F0067 /* Font.swift in Sources */ = {isa = PBXBuildFile; fileRef = 42D2C9A824FB0B16000F0067 /* Font.swift */; };
		42D2C9AF24FB273A000F0067 /* MoviesSceneView.swift in Sources */ = {isa = PBXBuildFile; fileRef = 42D2C9AE24FB273A000F0067 /* MoviesSceneView.swift */; };
		42D2C9B424FC3B99000F0067 /* MovieService.swift in Sources */ = {isa = PBXBuildFile; fileRef = 42D2C9B324FC3B99000F0067 /* MovieService.swift */; };
		42D2C9B724FC3C09000F0067 /* Movie.swift in Sources */ = {isa = PBXBuildFile; fileRef = 42D2C9B624FC3C09000F0067 /* Movie.swift */; };
/* End PBXBuildFile section */

/* Begin PBXFileReference section */
		424E62DE24FC3CD500505729 /* Utilities.swift */ = {isa = PBXFileReference; lastKnownFileType = sourcecode.swift; path = Utilities.swift; sourceTree = "<group>"; };
		424E62E124FC433400505729 /* MovieListState.swift */ = {isa = PBXFileReference; lastKnownFileType = sourcecode.swift; path = MovieListState.swift; sourceTree = "<group>"; };
		424E62E324FC43EF00505729 /* MoviePosterView.swift */ = {isa = PBXFileReference; lastKnownFileType = sourcecode.swift; path = MoviePosterView.swift; sourceTree = "<group>"; };
		424E62E524FC443C00505729 /* MoviePosterCard.swift */ = {isa = PBXFileReference; lastKnownFileType = sourcecode.swift; path = MoviePosterCard.swift; sourceTree = "<group>"; };
		424E62E724FC446100505729 /* MovieDetailView.swift */ = {isa = PBXFileReference; lastKnownFileType = sourcecode.swift; path = MovieDetailView.swift; sourceTree = "<group>"; };
		424E62E924FC449500505729 /* ImageLoader.swift */ = {isa = PBXFileReference; lastKnownFileType = sourcecode.swift; path = ImageLoader.swift; sourceTree = "<group>"; };
		424E62EB24FC44B600505729 /* MovieDetailState.swift */ = {isa = PBXFileReference; lastKnownFileType = sourcecode.swift; path = MovieDetailState.swift; sourceTree = "<group>"; };
		424E62ED24FC44D600505729 /* LoadingView.swift */ = {isa = PBXFileReference; lastKnownFileType = sourcecode.swift; path = LoadingView.swift; sourceTree = "<group>"; };
		424E62F024FC450B00505729 /* ActivityIndicatorView.swift */ = {isa = PBXFileReference; lastKnownFileType = sourcecode.swift; path = ActivityIndicatorView.swift; sourceTree = "<group>"; };
		424E62F224FC452200505729 /* SafariView.swift */ = {isa = PBXFileReference; lastKnownFileType = sourcecode.swift; path = SafariView.swift; sourceTree = "<group>"; };
		424E62F424FC4D4C00505729 /* PlainButtonStyle.swift */ = {isa = PBXFileReference; lastKnownFileType = sourcecode.swift; path = PlainButtonStyle.swift; sourceTree = "<group>"; };
		424E62F624FC5F5A00505729 /* MovieSearchState.swift */ = {isa = PBXFileReference; lastKnownFileType = sourcecode.swift; path = MovieSearchState.swift; sourceTree = "<group>"; };
		424E62F824FC616A00505729 /* SearchBarView.swift */ = {isa = PBXFileReference; lastKnownFileType = sourcecode.swift; path = SearchBarView.swift; sourceTree = "<group>"; };
		424E62FA24FC628800505729 /* DiscoverSceneView.swift */ = {isa = PBXFileReference; lastKnownFileType = sourcecode.swift; path = DiscoverSceneView.swift; sourceTree = "<group>"; };
		424E62FC24FC654E00505729 /* MyListSceneView.swift */ = {isa = PBXFileReference; lastKnownFileType = sourcecode.swift; path = MyListSceneView.swift; sourceTree = "<group>"; };
		424E630A250AA3A400505729 /* MoviePosterCarouselView.swift */ = {isa = PBXFileReference; lastKnownFileType = sourcecode.swift; path = MoviePosterCarouselView.swift; sourceTree = "<group>"; };
		424E630C250AAF1200505729 /* Genre.swift */ = {isa = PBXFileReference; lastKnownFileType = sourcecode.swift; path = Genre.swift; sourceTree = "<group>"; };
		424E630E250AAF3F00505729 /* NetworkingService.swift */ = {isa = PBXFileReference; lastKnownFileType = sourcecode.swift; path = NetworkingService.swift; sourceTree = "<group>"; };
		424E6310250AB5A800505729 /* GenreListState.swift */ = {isa = PBXFileReference; lastKnownFileType = sourcecode.swift; path = GenreListState.swift; sourceTree = "<group>"; };
		424E6312250AB97500505729 /* GenreCarouselView.swift */ = {isa = PBXFileReference; lastKnownFileType = sourcecode.swift; path = GenreCarouselView.swift; sourceTree = "<group>"; };
		424E6314250ABD9300505729 /* MoviePage.swift */ = {isa = PBXFileReference; lastKnownFileType = sourcecode.swift; path = MoviePage.swift; sourceTree = "<group>"; };
		424E6316250AC11D00505729 /* MoviesByGenreListState.swift */ = {isa = PBXFileReference; lastKnownFileType = sourcecode.swift; path = MoviesByGenreListState.swift; sourceTree = "<group>"; };
		42D2C98024F2BBFE000F0067 /* PopcornSwirl.app */ = {isa = PBXFileReference; explicitFileType = wrapper.application; includeInIndex = 0; path = PopcornSwirl.app; sourceTree = BUILT_PRODUCTS_DIR; };
		42D2C98324F2BBFE000F0067 /* AppDelegate.swift */ = {isa = PBXFileReference; lastKnownFileType = sourcecode.swift; path = AppDelegate.swift; sourceTree = "<group>"; };
		42D2C98524F2BBFE000F0067 /* SceneDelegate.swift */ = {isa = PBXFileReference; lastKnownFileType = sourcecode.swift; path = SceneDelegate.swift; sourceTree = "<group>"; };
		42D2C98824F2BBFE000F0067 /* PopcornSwirl.xcdatamodel */ = {isa = PBXFileReference; lastKnownFileType = wrapper.xcdatamodel; path = PopcornSwirl.xcdatamodel; sourceTree = "<group>"; };
		42D2C98A24F2BBFE000F0067 /* ContentView.swift */ = {isa = PBXFileReference; lastKnownFileType = sourcecode.swift; path = ContentView.swift; sourceTree = "<group>"; };
		42D2C98C24F2BBFF000F0067 /* Assets.xcassets */ = {isa = PBXFileReference; lastKnownFileType = folder.assetcatalog; path = Assets.xcassets; sourceTree = "<group>"; };
		42D2C98F24F2BBFF000F0067 /* Preview Assets.xcassets */ = {isa = PBXFileReference; lastKnownFileType = folder.assetcatalog; path = "Preview Assets.xcassets"; sourceTree = "<group>"; };
		42D2C99224F2BBFF000F0067 /* Base */ = {isa = PBXFileReference; lastKnownFileType = file.storyboard; name = Base; path = Base.lproj/LaunchScreen.storyboard; sourceTree = "<group>"; };
		42D2C99424F2BBFF000F0067 /* Info.plist */ = {isa = PBXFileReference; lastKnownFileType = text.plist.xml; path = Info.plist; sourceTree = "<group>"; };
		42D2C99F24FB090E000F0067 /* Color.swift */ = {isa = PBXFileReference; lastKnownFileType = sourcecode.swift; path = Color.swift; sourceTree = "<group>"; };
		42D2C9A224FB0A40000F0067 /* American Captain.otf */ = {isa = PBXFileReference; lastKnownFileType = file; path = "American Captain.otf"; sourceTree = "<group>"; };
		42D2C9A324FB0A40000F0067 /* FjallaOne-Regular.ttf */ = {isa = PBXFileReference; lastKnownFileType = file; name = "FjallaOne-Regular.ttf"; path = "PopcornSwirl/Supporting Files/Fonts/FjallaOne-Regular.ttf"; sourceTree = SOURCE_ROOT; };
		42D2C9A424FB0A40000F0067 /* FHACondFrenchNC.otf */ = {isa = PBXFileReference; lastKnownFileType = file; path = FHACondFrenchNC.otf; sourceTree = "<group>"; };
		42D2C9A824FB0B16000F0067 /* Font.swift */ = {isa = PBXFileReference; lastKnownFileType = sourcecode.swift; path = Font.swift; sourceTree = "<group>"; };
		42D2C9AE24FB273A000F0067 /* MoviesSceneView.swift */ = {isa = PBXFileReference; lastKnownFileType = sourcecode.swift; path = MoviesSceneView.swift; sourceTree = "<group>"; };
		42D2C9B324FC3B99000F0067 /* MovieService.swift */ = {isa = PBXFileReference; lastKnownFileType = sourcecode.swift; path = MovieService.swift; sourceTree = "<group>"; };
		42D2C9B624FC3C09000F0067 /* Movie.swift */ = {isa = PBXFileReference; lastKnownFileType = sourcecode.swift; path = Movie.swift; sourceTree = "<group>"; };
/* End PBXFileReference section */

/* Begin PBXFrameworksBuildPhase section */
		42D2C97D24F2BBFE000F0067 /* Frameworks */ = {
			isa = PBXFrameworksBuildPhase;
			buildActionMask = 2147483647;
			files = (
			);
			runOnlyForDeploymentPostprocessing = 0;
		};
/* End PBXFrameworksBuildPhase section */

/* Begin PBXGroup section */
		424E62E024FC432800505729 /* Bindings */ = {
			isa = PBXGroup;
			children = (
				424E62E924FC449500505729 /* ImageLoader.swift */,
				424E62EB24FC44B600505729 /* MovieDetailState.swift */,
				424E62F624FC5F5A00505729 /* MovieSearchState.swift */,
				424E62E124FC433400505729 /* MovieListState.swift */,
				424E6310250AB5A800505729 /* GenreListState.swift */,
				424E6316250AC11D00505729 /* MoviesByGenreListState.swift */,
			);
			path = Bindings;
			sourceTree = "<group>";
		};
		424E62EF24FC44F700505729 /* Customs */ = {
			isa = PBXGroup;
			children = (
				424E62F024FC450B00505729 /* ActivityIndicatorView.swift */,
				424E62F224FC452200505729 /* SafariView.swift */,
				424E62F824FC616A00505729 /* SearchBarView.swift */,
				424E62ED24FC44D600505729 /* LoadingView.swift */,
			);
			path = Customs;
			sourceTree = "<group>";
		};
		42D2C97724F2BBFE000F0067 = {
			isa = PBXGroup;
			children = (
				42D2C98224F2BBFE000F0067 /* PopcornSwirl */,
				42D2C98124F2BBFE000F0067 /* Products */,
			);
			sourceTree = "<group>";
		};
		42D2C98124F2BBFE000F0067 /* Products */ = {
			isa = PBXGroup;
			children = (
				42D2C98024F2BBFE000F0067 /* PopcornSwirl.app */,
			);
			name = Products;
			sourceTree = "<group>";
		};
		42D2C98224F2BBFE000F0067 /* PopcornSwirl */ = {
			isa = PBXGroup;
			children = (
				424E62E024FC432800505729 /* Bindings */,
				42D2C99A24FAE539000F0067 /* Scenes */,
				42D2C99C24FAE5B8000F0067 /* Components */,
				42D2C9B524FC3BFA000F0067 /* Models */,
				42D2C9B024FC3B39000F0067 /* Services */,
				42D2C99D24FAE5CB000F0067 /* Features */,
				42D2C99E24FB08E0000F0067 /* Extensions */,
				42D2C99B24FAE589000F0067 /* Supporting Files */,
				42D2C98E24F2BBFF000F0067 /* Preview Content */,
			);
			path = PopcornSwirl;
			sourceTree = "<group>";
		};
		42D2C98E24F2BBFF000F0067 /* Preview Content */ = {
			isa = PBXGroup;
			children = (
				42D2C98F24F2BBFF000F0067 /* Preview Assets.xcassets */,
			);
			path = "Preview Content";
			sourceTree = "<group>";
		};
		42D2C99A24FAE539000F0067 /* Scenes */ = {
			isa = PBXGroup;
			children = (
				42D2C98A24F2BBFE000F0067 /* ContentView.swift */,
				42D2C9AE24FB273A000F0067 /* MoviesSceneView.swift */,
				424E62FA24FC628800505729 /* DiscoverSceneView.swift */,
				424E62FC24FC654E00505729 /* MyListSceneView.swift */,
			);
			path = Scenes;
			sourceTree = "<group>";
		};
		42D2C99B24FAE589000F0067 /* Supporting Files */ = {
			isa = PBXGroup;
			children = (
				42D2C9A124FB0A21000F0067 /* Fonts */,
				42D2C98324F2BBFE000F0067 /* AppDelegate.swift */,
				42D2C98524F2BBFE000F0067 /* SceneDelegate.swift */,
				424E62DE24FC3CD500505729 /* Utilities.swift */,
				42D2C98C24F2BBFF000F0067 /* Assets.xcassets */,
				42D2C99124F2BBFF000F0067 /* LaunchScreen.storyboard */,
				42D2C99424F2BBFF000F0067 /* Info.plist */,
				42D2C98724F2BBFE000F0067 /* PopcornSwirl.xcdatamodeld */,
			);
			path = "Supporting Files";
			sourceTree = "<group>";
		};
		42D2C99C24FAE5B8000F0067 /* Components */ = {
			isa = PBXGroup;
			children = (
				424E62EF24FC44F700505729 /* Customs */,
				424E62E324FC43EF00505729 /* MoviePosterView.swift */,
				424E630A250AA3A400505729 /* MoviePosterCarouselView.swift */,
				424E62E524FC443C00505729 /* MoviePosterCard.swift */,
				424E62E724FC446100505729 /* MovieDetailView.swift */,
				424E6312250AB97500505729 /* GenreCarouselView.swift */,
			);
			path = Components;
			sourceTree = "<group>";
		};
		42D2C99D24FAE5CB000F0067 /* Features */ = {
			isa = PBXGroup;
			children = (
			);
			path = Features;
			sourceTree = "<group>";
		};
		42D2C99E24FB08E0000F0067 /* Extensions */ = {
			isa = PBXGroup;
			children = (
				42D2C99F24FB090E000F0067 /* Color.swift */,
				42D2C9A824FB0B16000F0067 /* Font.swift */,
				424E62F424FC4D4C00505729 /* PlainButtonStyle.swift */,
			);
			path = Extensions;
			sourceTree = "<group>";
		};
		42D2C9A124FB0A21000F0067 /* Fonts */ = {
			isa = PBXGroup;
			children = (
				42D2C9A224FB0A40000F0067 /* American Captain.otf */,
				42D2C9A424FB0A40000F0067 /* FHACondFrenchNC.otf */,
				42D2C9A324FB0A40000F0067 /* FjallaOne-Regular.ttf */,
			);
			name = Fonts;
			path = "PopcornSwirl/Supporting Files/Fonts";
			sourceTree = SOURCE_ROOT;
		};
		42D2C9B024FC3B39000F0067 /* Services */ = {
			isa = PBXGroup;
			children = (
				42D2C9B324FC3B99000F0067 /* MovieService.swift */,
				424E630E250AAF3F00505729 /* NetworkingService.swift */,
			);
			path = Services;
			sourceTree = "<group>";
		};
		42D2C9B524FC3BFA000F0067 /* Models */ = {
			isa = PBXGroup;
			children = (
				424E6314250ABD9300505729 /* MoviePage.swift */,
				42D2C9B624FC3C09000F0067 /* Movie.swift */,
				424E630C250AAF1200505729 /* Genre.swift */,
			);
			path = Models;
			sourceTree = "<group>";
		};
/* End PBXGroup section */

/* Begin PBXNativeTarget section */
		42D2C97F24F2BBFE000F0067 /* PopcornSwirl */ = {
			isa = PBXNativeTarget;
			buildConfigurationList = 42D2C99724F2BBFF000F0067 /* Build configuration list for PBXNativeTarget "PopcornSwirl" */;
			buildPhases = (
				42D2C97C24F2BBFE000F0067 /* Sources */,
				42D2C97D24F2BBFE000F0067 /* Frameworks */,
				42D2C97E24F2BBFE000F0067 /* Resources */,
			);
			buildRules = (
			);
			dependencies = (
			);
			name = PopcornSwirl;
			productName = PopcornSwirl;
			productReference = 42D2C98024F2BBFE000F0067 /* PopcornSwirl.app */;
			productType = "com.apple.product-type.application";
		};
/* End PBXNativeTarget section */

/* Begin PBXProject section */
		42D2C97824F2BBFE000F0067 /* Project object */ = {
			isa = PBXProject;
			attributes = {
				LastSwiftUpdateCheck = 1160;
				LastUpgradeCheck = 1160;
				ORGANIZATIONNAME = "Gabriel Balta";
				TargetAttributes = {
					42D2C97F24F2BBFE000F0067 = {
						CreatedOnToolsVersion = 11.6;
					};
				};
			};
			buildConfigurationList = 42D2C97B24F2BBFE000F0067 /* Build configuration list for PBXProject "PopcornSwirl" */;
			compatibilityVersion = "Xcode 9.3";
			developmentRegion = en;
			hasScannedForEncodings = 0;
			knownRegions = (
				en,
				Base,
			);
			mainGroup = 42D2C97724F2BBFE000F0067;
			productRefGroup = 42D2C98124F2BBFE000F0067 /* Products */;
			projectDirPath = "";
			projectRoot = "";
			targets = (
				42D2C97F24F2BBFE000F0067 /* PopcornSwirl */,
			);
		};
/* End PBXProject section */

/* Begin PBXResourcesBuildPhase section */
		42D2C97E24F2BBFE000F0067 /* Resources */ = {
			isa = PBXResourcesBuildPhase;
			buildActionMask = 2147483647;
			files = (
				42D2C9A624FB0A41000F0067 /* FjallaOne-Regular.ttf in Resources */,
				42D2C99324F2BBFF000F0067 /* LaunchScreen.storyboard in Resources */,
				42D2C9A724FB0A41000F0067 /* FHACondFrenchNC.otf in Resources */,
				42D2C99024F2BBFF000F0067 /* Preview Assets.xcassets in Resources */,
				42D2C98D24F2BBFF000F0067 /* Assets.xcassets in Resources */,
				42D2C9A524FB0A41000F0067 /* American Captain.otf in Resources */,
			);
			runOnlyForDeploymentPostprocessing = 0;
		};
/* End PBXResourcesBuildPhase section */

/* Begin PBXSourcesBuildPhase section */
		42D2C97C24F2BBFE000F0067 /* Sources */ = {
			isa = PBXSourcesBuildPhase;
			buildActionMask = 2147483647;
			files = (
				424E630F250AAF3F00505729 /* NetworkingService.swift in Sources */,
				424E630D250AAF1200505729 /* Genre.swift in Sources */,
				424E62EC24FC44B600505729 /* MovieDetailState.swift in Sources */,
				424E6315250ABD9300505729 /* MoviePage.swift in Sources */,
				424E62E824FC446100505729 /* MovieDetailView.swift in Sources */,
				424E62E424FC43EF00505729 /* MoviePosterView.swift in Sources */,
				424E6311250AB5A800505729 /* GenreListState.swift in Sources */,
				424E62F524FC4D4C00505729 /* PlainButtonStyle.swift in Sources */,
				424E62F724FC5F5A00505729 /* MovieSearchState.swift in Sources */,
				424E62F924FC616A00505729 /* SearchBarView.swift in Sources */,
				424E62F324FC452200505729 /* SafariView.swift in Sources */,
				424E62FD24FC654E00505729 /* MyListSceneView.swift in Sources */,
				42D2C98424F2BBFE000F0067 /* AppDelegate.swift in Sources */,
				424E62DF24FC3CD500505729 /* Utilities.swift in Sources */,
				42D2C98624F2BBFE000F0067 /* SceneDelegate.swift in Sources */,
				424E62EA24FC449500505729 /* ImageLoader.swift in Sources */,
				424E6313250AB97500505729 /* GenreCarouselView.swift in Sources */,
				42D2C9A924FB0B16000F0067 /* Font.swift in Sources */,
				424E6317250AC11D00505729 /* MoviesByGenreListState.swift in Sources */,
				42D2C9B724FC3C09000F0067 /* Movie.swift in Sources */,
				42D2C98B24F2BBFE000F0067 /* ContentView.swift in Sources */,
				42D2C9AF24FB273A000F0067 /* MoviesSceneView.swift in Sources */,
				424E62F124FC450B00505729 /* ActivityIndicatorView.swift in Sources */,
				424E62E224FC433400505729 /* MovieListState.swift in Sources */,
				424E62FB24FC628800505729 /* DiscoverSceneView.swift in Sources */,
				42D2C9B424FC3B99000F0067 /* MovieService.swift in Sources */,
				42D2C9A024FB090E000F0067 /* Color.swift in Sources */,
				42D2C98924F2BBFE000F0067 /* PopcornSwirl.xcdatamodeld in Sources */,
				424E630B250AA3A400505729 /* MoviePosterCarouselView.swift in Sources */,
				424E62E624FC443C00505729 /* MoviePosterCard.swift in Sources */,
				424E62EE24FC44D600505729 /* LoadingView.swift in Sources */,
			);
			runOnlyForDeploymentPostprocessing = 0;
		};
/* End PBXSourcesBuildPhase section */

/* Begin PBXVariantGroup section */
		42D2C99124F2BBFF000F0067 /* LaunchScreen.storyboard */ = {
			isa = PBXVariantGroup;
			children = (
				42D2C99224F2BBFF000F0067 /* Base */,
			);
			name = LaunchScreen.storyboard;
			sourceTree = "<group>";
		};
/* End PBXVariantGroup section */

/* Begin XCBuildConfiguration section */
		42D2C99524F2BBFF000F0067 /* Debug */ = {
			isa = XCBuildConfiguration;
			buildSettings = {
				ALWAYS_SEARCH_USER_PATHS = NO;
				CLANG_ANALYZER_NONNULL = YES;
				CLANG_ANALYZER_NUMBER_OBJECT_CONVERSION = YES_AGGRESSIVE;
				CLANG_CXX_LANGUAGE_STANDARD = "gnu++14";
				CLANG_CXX_LIBRARY = "libc++";
				CLANG_ENABLE_MODULES = YES;
				CLANG_ENABLE_OBJC_ARC = YES;
				CLANG_ENABLE_OBJC_WEAK = YES;
				CLANG_WARN_BLOCK_CAPTURE_AUTORELEASING = YES;
				CLANG_WARN_BOOL_CONVERSION = YES;
				CLANG_WARN_COMMA = YES;
				CLANG_WARN_CONSTANT_CONVERSION = YES;
				CLANG_WARN_DEPRECATED_OBJC_IMPLEMENTATIONS = YES;
				CLANG_WARN_DIRECT_OBJC_ISA_USAGE = YES_ERROR;
				CLANG_WARN_DOCUMENTATION_COMMENTS = YES;
				CLANG_WARN_EMPTY_BODY = YES;
				CLANG_WARN_ENUM_CONVERSION = YES;
				CLANG_WARN_INFINITE_RECURSION = YES;
				CLANG_WARN_INT_CONVERSION = YES;
				CLANG_WARN_NON_LITERAL_NULL_CONVERSION = YES;
				CLANG_WARN_OBJC_IMPLICIT_RETAIN_SELF = YES;
				CLANG_WARN_OBJC_LITERAL_CONVERSION = YES;
				CLANG_WARN_OBJC_ROOT_CLASS = YES_ERROR;
				CLANG_WARN_RANGE_LOOP_ANALYSIS = YES;
				CLANG_WARN_STRICT_PROTOTYPES = YES;
				CLANG_WARN_SUSPICIOUS_MOVE = YES;
				CLANG_WARN_UNGUARDED_AVAILABILITY = YES_AGGRESSIVE;
				CLANG_WARN_UNREACHABLE_CODE = YES;
				CLANG_WARN__DUPLICATE_METHOD_MATCH = YES;
				COPY_PHASE_STRIP = NO;
				DEBUG_INFORMATION_FORMAT = dwarf;
				ENABLE_STRICT_OBJC_MSGSEND = YES;
				ENABLE_TESTABILITY = YES;
				GCC_C_LANGUAGE_STANDARD = gnu11;
				GCC_DYNAMIC_NO_PIC = NO;
				GCC_NO_COMMON_BLOCKS = YES;
				GCC_OPTIMIZATION_LEVEL = 0;
				GCC_PREPROCESSOR_DEFINITIONS = (
					"DEBUG=1",
					"$(inherited)",
				);
				GCC_WARN_64_TO_32_BIT_CONVERSION = YES;
				GCC_WARN_ABOUT_RETURN_TYPE = YES_ERROR;
				GCC_WARN_UNDECLARED_SELECTOR = YES;
				GCC_WARN_UNINITIALIZED_AUTOS = YES_AGGRESSIVE;
				GCC_WARN_UNUSED_FUNCTION = YES;
				GCC_WARN_UNUSED_VARIABLE = YES;
				IPHONEOS_DEPLOYMENT_TARGET = 14.0;
				MTL_ENABLE_DEBUG_INFO = INCLUDE_SOURCE;
				MTL_FAST_MATH = YES;
				ONLY_ACTIVE_ARCH = YES;
				SDKROOT = iphoneos;
				SWIFT_ACTIVE_COMPILATION_CONDITIONS = DEBUG;
				SWIFT_COMPILATION_MODE = singlefile;
				SWIFT_OPTIMIZATION_LEVEL = "-Onone";
			};
			name = Debug;
		};
		42D2C99624F2BBFF000F0067 /* Release */ = {
			isa = XCBuildConfiguration;
			buildSettings = {
				ALWAYS_SEARCH_USER_PATHS = NO;
				CLANG_ANALYZER_NONNULL = YES;
				CLANG_ANALYZER_NUMBER_OBJECT_CONVERSION = YES_AGGRESSIVE;
				CLANG_CXX_LANGUAGE_STANDARD = "gnu++14";
				CLANG_CXX_LIBRARY = "libc++";
				CLANG_ENABLE_MODULES = YES;
				CLANG_ENABLE_OBJC_ARC = YES;
				CLANG_ENABLE_OBJC_WEAK = YES;
				CLANG_WARN_BLOCK_CAPTURE_AUTORELEASING = YES;
				CLANG_WARN_BOOL_CONVERSION = YES;
				CLANG_WARN_COMMA = YES;
				CLANG_WARN_CONSTANT_CONVERSION = YES;
				CLANG_WARN_DEPRECATED_OBJC_IMPLEMENTATIONS = YES;
				CLANG_WARN_DIRECT_OBJC_ISA_USAGE = YES_ERROR;
				CLANG_WARN_DOCUMENTATION_COMMENTS = YES;
				CLANG_WARN_EMPTY_BODY = YES;
				CLANG_WARN_ENUM_CONVERSION = YES;
				CLANG_WARN_INFINITE_RECURSION = YES;
				CLANG_WARN_INT_CONVERSION = YES;
				CLANG_WARN_NON_LITERAL_NULL_CONVERSION = YES;
				CLANG_WARN_OBJC_IMPLICIT_RETAIN_SELF = YES;
				CLANG_WARN_OBJC_LITERAL_CONVERSION = YES;
				CLANG_WARN_OBJC_ROOT_CLASS = YES_ERROR;
				CLANG_WARN_RANGE_LOOP_ANALYSIS = YES;
				CLANG_WARN_STRICT_PROTOTYPES = YES;
				CLANG_WARN_SUSPICIOUS_MOVE = YES;
				CLANG_WARN_UNGUARDED_AVAILABILITY = YES_AGGRESSIVE;
				CLANG_WARN_UNREACHABLE_CODE = YES;
				CLANG_WARN__DUPLICATE_METHOD_MATCH = YES;
				COPY_PHASE_STRIP = NO;
				DEBUG_INFORMATION_FORMAT = "dwarf-with-dsym";
				ENABLE_NS_ASSERTIONS = NO;
				ENABLE_STRICT_OBJC_MSGSEND = YES;
				GCC_C_LANGUAGE_STANDARD = gnu11;
				GCC_NO_COMMON_BLOCKS = YES;
				GCC_WARN_64_TO_32_BIT_CONVERSION = YES;
				GCC_WARN_ABOUT_RETURN_TYPE = YES_ERROR;
				GCC_WARN_UNDECLARED_SELECTOR = YES;
				GCC_WARN_UNINITIALIZED_AUTOS = YES_AGGRESSIVE;
				GCC_WARN_UNUSED_FUNCTION = YES;
				GCC_WARN_UNUSED_VARIABLE = YES;
				IPHONEOS_DEPLOYMENT_TARGET = 14.0;
				MTL_ENABLE_DEBUG_INFO = NO;
				MTL_FAST_MATH = YES;
				SDKROOT = iphoneos;
				SWIFT_COMPILATION_MODE = wholemodule;
				SWIFT_OPTIMIZATION_LEVEL = "-O";
				VALIDATE_PRODUCT = YES;
			};
			name = Release;
		};
		42D2C99824F2BBFF000F0067 /* Debug */ = {
			isa = XCBuildConfiguration;
			buildSettings = {
				ASSETCATALOG_COMPILER_APPICON_NAME = AppIcon;
				CODE_SIGN_STYLE = Automatic;
				DEVELOPMENT_ASSET_PATHS = "\"PopcornSwirl/Preview Content\"";
				DEVELOPMENT_TEAM = Q4YKPW2G86;
				ENABLE_PREVIEWS = YES;
				INFOPLIST_FILE = "PopcornSwirl/Supporting Files/Info.plist";
				LD_RUNPATH_SEARCH_PATHS = (
					"$(inherited)",
					"@executable_path/Frameworks",
				);
				PRODUCT_BUNDLE_IDENTIFIER = GabrielBalta.PopcornSwirl;
				PRODUCT_NAME = "$(TARGET_NAME)";
				SWIFT_VERSION = 5.0;
				TARGETED_DEVICE_FAMILY = "1,2";
			};
			name = Debug;
		};
		42D2C99924F2BBFF000F0067 /* Release */ = {
			isa = XCBuildConfiguration;
			buildSettings = {
				ASSETCATALOG_COMPILER_APPICON_NAME = AppIcon;
				CODE_SIGN_STYLE = Automatic;
				DEVELOPMENT_ASSET_PATHS = "\"PopcornSwirl/Preview Content\"";
				DEVELOPMENT_TEAM = Q4YKPW2G86;
				ENABLE_PREVIEWS = YES;
				INFOPLIST_FILE = "PopcornSwirl/Supporting Files/Info.plist";
				LD_RUNPATH_SEARCH_PATHS = (
					"$(inherited)",
					"@executable_path/Frameworks",
				);
				PRODUCT_BUNDLE_IDENTIFIER = GabrielBalta.PopcornSwirl;
				PRODUCT_NAME = "$(TARGET_NAME)";
				SWIFT_VERSION = 5.0;
				TARGETED_DEVICE_FAMILY = "1,2";
			};
			name = Release;
		};
/* End XCBuildConfiguration section */

/* Begin XCConfigurationList section */
		42D2C97B24F2BBFE000F0067 /* Build configuration list for PBXProject "PopcornSwirl" */ = {
			isa = XCConfigurationList;
			buildConfigurations = (
				42D2C99524F2BBFF000F0067 /* Debug */,
				42D2C99624F2BBFF000F0067 /* Release */,
			);
			defaultConfigurationIsVisible = 0;
			defaultConfigurationName = Release;
		};
		42D2C99724F2BBFF000F0067 /* Build configuration list for PBXNativeTarget "PopcornSwirl" */ = {
			isa = XCConfigurationList;
			buildConfigurations = (
				42D2C99824F2BBFF000F0067 /* Debug */,
				42D2C99924F2BBFF000F0067 /* Release */,
			);
			defaultConfigurationIsVisible = 0;
			defaultConfigurationName = Release;
		};
/* End XCConfigurationList section */

/* Begin XCVersionGroup section */
		42D2C98724F2BBFE000F0067 /* PopcornSwirl.xcdatamodeld */ = {
			isa = XCVersionGroup;
			children = (
				42D2C98824F2BBFE000F0067 /* PopcornSwirl.xcdatamodel */,
			);
			currentVersion = 42D2C98824F2BBFE000F0067 /* PopcornSwirl.xcdatamodel */;
			path = PopcornSwirl.xcdatamodeld;
			sourceTree = "<group>";
			versionGroupType = wrapper.xcdatamodel;
		};
/* End XCVersionGroup section */
	};
	rootObject = 42D2C97824F2BBFE000F0067 /* Project object */;
}
