// !$*UTF8*$!
{
	archiveVersion = 1;
	classes = {
	};
	objectVersion = 52;
	objects = {

/* Begin PBXBuildFile section */
		420EBBC4252944CA0083FF7F /* GoogleAppMeasurement.framework in Frameworks */ = {isa = PBXBuildFile; fileRef = 420EBBBE252944C80083FF7F /* GoogleAppMeasurement.framework */; };
		420EBBC5252944CA0083FF7F /* GoogleMobileAds.framework in Frameworks */ = {isa = PBXBuildFile; fileRef = 420EBBBF252944CA0083FF7F /* GoogleMobileAds.framework */; };
		420EBBC6252944CA0083FF7F /* GoogleUtilities.xcframework in Frameworks */ = {isa = PBXBuildFile; fileRef = 420EBBC0252944CA0083FF7F /* GoogleUtilities.xcframework */; };
		420EBBC7252944CA0083FF7F /* PromisesObjC.xcframework in Frameworks */ = {isa = PBXBuildFile; fileRef = 420EBBC1252944CA0083FF7F /* PromisesObjC.xcframework */; };
		420EBBC8252944CA0083FF7F /* nanopb.xcframework in Frameworks */ = {isa = PBXBuildFile; fileRef = 420EBBC2252944CA0083FF7F /* nanopb.xcframework */; };
		420EBBC9252944CA0083FF7F /* UserMessagingPlatform.framework in Frameworks */ = {isa = PBXBuildFile; fileRef = 420EBBC3252944CA0083FF7F /* UserMessagingPlatform.framework */; };
		422DCBB02528FAD3000BA018 /* MovieDropDownView.swift in Sources */ = {isa = PBXBuildFile; fileRef = 422DCBAF2528FAD3000BA018 /* MovieDropDownView.swift */; };
		4234169E25294754005CDD75 /* BannerVC.swift in Sources */ = {isa = PBXBuildFile; fileRef = 4234169D25294754005CDD75 /* BannerVC.swift */; };
		423416A02529F223005CDD75 /* OrientationInfo.swift in Sources */ = {isa = PBXBuildFile; fileRef = 4234169F2529F223005CDD75 /* OrientationInfo.swift */; };
		423416A22529F906005CDD75 /* PopularityBadge.swift in Sources */ = {isa = PBXBuildFile; fileRef = 423416A12529F906005CDD75 /* PopularityBadge.swift */; };
		426F45092528D20D00E6FCB6 /* PopcornSwirlApp.swift in Sources */ = {isa = PBXBuildFile; fileRef = 426F45082528D20D00E6FCB6 /* PopcornSwirlApp.swift */; };
		426F450B2528D20D00E6FCB6 /* ContentView.swift in Sources */ = {isa = PBXBuildFile; fileRef = 426F450A2528D20D00E6FCB6 /* ContentView.swift */; };
		426F450D2528D20E00E6FCB6 /* Assets.xcassets in Resources */ = {isa = PBXBuildFile; fileRef = 426F450C2528D20E00E6FCB6 /* Assets.xcassets */; };
		426F45102528D20E00E6FCB6 /* Preview Assets.xcassets in Resources */ = {isa = PBXBuildFile; fileRef = 426F450F2528D20E00E6FCB6 /* Preview Assets.xcassets */; };
		426F45122528D20E00E6FCB6 /* Persistence.swift in Sources */ = {isa = PBXBuildFile; fileRef = 426F45112528D20E00E6FCB6 /* Persistence.swift */; };
		426F45152528D20E00E6FCB6 /* PopcornSwirl.xcdatamodeld in Sources */ = {isa = PBXBuildFile; fileRef = 426F45132528D20E00E6FCB6 /* PopcornSwirl.xcdatamodeld */; };
		426F45212528D34C00E6FCB6 /* American Captain.otf in Resources */ = {isa = PBXBuildFile; fileRef = 426F451E2528D34C00E6FCB6 /* American Captain.otf */; };
		426F45222528D34C00E6FCB6 /* FjallaOne-Regular.ttf in Resources */ = {isa = PBXBuildFile; fileRef = 426F451F2528D34C00E6FCB6 /* FjallaOne-Regular.ttf */; };
		426F45232528D34C00E6FCB6 /* FHACondFrenchNC.otf in Resources */ = {isa = PBXBuildFile; fileRef = 426F45202528D34C00E6FCB6 /* FHACondFrenchNC.otf */; };
		426F45262528D38200E6FCB6 /* MovieEntity+CoreDataClass.swift in Sources */ = {isa = PBXBuildFile; fileRef = 426F45242528D38200E6FCB6 /* MovieEntity+CoreDataClass.swift */; };
		426F45272528D38200E6FCB6 /* MovieEntity+CoreDataProperties.swift in Sources */ = {isa = PBXBuildFile; fileRef = 426F45252528D38200E6FCB6 /* MovieEntity+CoreDataProperties.swift */; };
		426F452F2528D47100E6FCB6 /* Font.swift in Sources */ = {isa = PBXBuildFile; fileRef = 426F452E2528D47100E6FCB6 /* Font.swift */; };
		426F45312528D48100E6FCB6 /* Color.swift in Sources */ = {isa = PBXBuildFile; fileRef = 426F45302528D48100E6FCB6 /* Color.swift */; };
		426F45332528D4A900E6FCB6 /* Utilities.swift in Sources */ = {isa = PBXBuildFile; fileRef = 426F45322528D4A900E6FCB6 /* Utilities.swift */; };
		426F45352528D4CB00E6FCB6 /* MovieService.swift in Sources */ = {isa = PBXBuildFile; fileRef = 426F45342528D4CB00E6FCB6 /* MovieService.swift */; };
		426F45372528D4E100E6FCB6 /* NetworkingService.swift in Sources */ = {isa = PBXBuildFile; fileRef = 426F45362528D4E100E6FCB6 /* NetworkingService.swift */; };
		426F45392528D4FA00E6FCB6 /* Movie.swift in Sources */ = {isa = PBXBuildFile; fileRef = 426F45382528D4FA00E6FCB6 /* Movie.swift */; };
		426F453B2528D51300E6FCB6 /* Genre.swift in Sources */ = {isa = PBXBuildFile; fileRef = 426F453A2528D51300E6FCB6 /* Genre.swift */; };
		426F453F2528D54C00E6FCB6 /* DiscoverSceneView.swift in Sources */ = {isa = PBXBuildFile; fileRef = 426F453E2528D54C00E6FCB6 /* DiscoverSceneView.swift */; };
		426F45412528D56F00E6FCB6 /* MyListSceneView.swift in Sources */ = {isa = PBXBuildFile; fileRef = 426F45402528D56F00E6FCB6 /* MyListSceneView.swift */; };
		426F45432528D59C00E6FCB6 /* MoviesSceneView.swift in Sources */ = {isa = PBXBuildFile; fileRef = 426F45422528D59C00E6FCB6 /* MoviesSceneView.swift */; };
		426F45462528D5BD00E6FCB6 /* SafariView.swift in Sources */ = {isa = PBXBuildFile; fileRef = 426F45452528D5BD00E6FCB6 /* SafariView.swift */; };
		426F45482528D5DE00E6FCB6 /* DividerGradient.swift in Sources */ = {isa = PBXBuildFile; fileRef = 426F45472528D5DE00E6FCB6 /* DividerGradient.swift */; };
		426F454A2528D5F400E6FCB6 /* AcitivityIndicatorView.swift in Sources */ = {isa = PBXBuildFile; fileRef = 426F45492528D5F400E6FCB6 /* AcitivityIndicatorView.swift */; };
		426F454C2528D60800E6FCB6 /* SearchBarView.swift in Sources */ = {isa = PBXBuildFile; fileRef = 426F454B2528D60800E6FCB6 /* SearchBarView.swift */; };
		426F454E2528D62100E6FCB6 /* LoadingView.swift in Sources */ = {isa = PBXBuildFile; fileRef = 426F454D2528D62100E6FCB6 /* LoadingView.swift */; };
		426F45502528D64E00E6FCB6 /* MoviePosterCarouselView.swift in Sources */ = {isa = PBXBuildFile; fileRef = 426F454F2528D64E00E6FCB6 /* MoviePosterCarouselView.swift */; };
		426F45522528D66300E6FCB6 /* MoviesByGenreListView.swift in Sources */ = {isa = PBXBuildFile; fileRef = 426F45512528D66300E6FCB6 /* MoviesByGenreListView.swift */; };
		426F45542528D68400E6FCB6 /* MoviePosterView.swift in Sources */ = {isa = PBXBuildFile; fileRef = 426F45532528D68400E6FCB6 /* MoviePosterView.swift */; };
		426F45562528D69A00E6FCB6 /* MoviePosterCard.swift in Sources */ = {isa = PBXBuildFile; fileRef = 426F45552528D69A00E6FCB6 /* MoviePosterCard.swift */; };
		426F45582528D6BA00E6FCB6 /* MovieDetailView.swift in Sources */ = {isa = PBXBuildFile; fileRef = 426F45572528D6BA00E6FCB6 /* MovieDetailView.swift */; };
		426F455A2528D6E800E6FCB6 /* ImageLoader.swift in Sources */ = {isa = PBXBuildFile; fileRef = 426F45592528D6E800E6FCB6 /* ImageLoader.swift */; };
		426F455C2528D70400E6FCB6 /* MovieDetailState.swift in Sources */ = {isa = PBXBuildFile; fileRef = 426F455B2528D70400E6FCB6 /* MovieDetailState.swift */; };
		426F455E2528D71900E6FCB6 /* MovieSearchState.swift in Sources */ = {isa = PBXBuildFile; fileRef = 426F455D2528D71900E6FCB6 /* MovieSearchState.swift */; };
		426F45602528D73900E6FCB6 /* GenreListState.swift in Sources */ = {isa = PBXBuildFile; fileRef = 426F455F2528D73900E6FCB6 /* GenreListState.swift */; };
		426F45622528D76200E6FCB6 /* MoviesByGenreListState.swift in Sources */ = {isa = PBXBuildFile; fileRef = 426F45612528D76200E6FCB6 /* MoviesByGenreListState.swift */; };
		426F45642528D77A00E6FCB6 /* MovieListState.swift in Sources */ = {isa = PBXBuildFile; fileRef = 426F45632528D77A00E6FCB6 /* MovieListState.swift */; };
/* End PBXBuildFile section */

/* Begin PBXFileReference section */
		420EBBBE252944C80083FF7F /* GoogleAppMeasurement.framework */ = {isa = PBXFileReference; lastKnownFileType = wrapper.framework; path = GoogleAppMeasurement.framework; sourceTree = "<group>"; };
		420EBBBF252944CA0083FF7F /* GoogleMobileAds.framework */ = {isa = PBXFileReference; lastKnownFileType = wrapper.framework; path = GoogleMobileAds.framework; sourceTree = "<group>"; };
		420EBBC0252944CA0083FF7F /* GoogleUtilities.xcframework */ = {isa = PBXFileReference; lastKnownFileType = wrapper.xcframework; path = GoogleUtilities.xcframework; sourceTree = "<group>"; };
		420EBBC1252944CA0083FF7F /* PromisesObjC.xcframework */ = {isa = PBXFileReference; lastKnownFileType = wrapper.xcframework; path = PromisesObjC.xcframework; sourceTree = "<group>"; };
		420EBBC2252944CA0083FF7F /* nanopb.xcframework */ = {isa = PBXFileReference; lastKnownFileType = wrapper.xcframework; path = nanopb.xcframework; sourceTree = "<group>"; };
		420EBBC3252944CA0083FF7F /* UserMessagingPlatform.framework */ = {isa = PBXFileReference; lastKnownFileType = wrapper.framework; path = UserMessagingPlatform.framework; sourceTree = "<group>"; };
		422DCBAF2528FAD3000BA018 /* MovieDropDownView.swift */ = {isa = PBXFileReference; lastKnownFileType = sourcecode.swift; path = MovieDropDownView.swift; sourceTree = "<group>"; };
		4234169D25294754005CDD75 /* BannerVC.swift */ = {isa = PBXFileReference; lastKnownFileType = sourcecode.swift; path = BannerVC.swift; sourceTree = "<group>"; };
		4234169F2529F223005CDD75 /* OrientationInfo.swift */ = {isa = PBXFileReference; lastKnownFileType = sourcecode.swift; path = OrientationInfo.swift; sourceTree = "<group>"; };
		423416A12529F906005CDD75 /* PopularityBadge.swift */ = {isa = PBXFileReference; lastKnownFileType = sourcecode.swift; path = PopularityBadge.swift; sourceTree = "<group>"; };
		426F45052528D20D00E6FCB6 /* PopcornSwirl.app */ = {isa = PBXFileReference; explicitFileType = wrapper.application; includeInIndex = 0; path = PopcornSwirl.app; sourceTree = BUILT_PRODUCTS_DIR; };
		426F45082528D20D00E6FCB6 /* PopcornSwirlApp.swift */ = {isa = PBXFileReference; lastKnownFileType = sourcecode.swift; path = PopcornSwirlApp.swift; sourceTree = "<group>"; };
		426F450A2528D20D00E6FCB6 /* ContentView.swift */ = {isa = PBXFileReference; lastKnownFileType = sourcecode.swift; path = ContentView.swift; sourceTree = "<group>"; };
		426F450C2528D20E00E6FCB6 /* Assets.xcassets */ = {isa = PBXFileReference; lastKnownFileType = folder.assetcatalog; path = Assets.xcassets; sourceTree = "<group>"; };
		426F450F2528D20E00E6FCB6 /* Preview Assets.xcassets */ = {isa = PBXFileReference; lastKnownFileType = folder.assetcatalog; path = "Preview Assets.xcassets"; sourceTree = "<group>"; };
		426F45112528D20E00E6FCB6 /* Persistence.swift */ = {isa = PBXFileReference; lastKnownFileType = sourcecode.swift; path = Persistence.swift; sourceTree = "<group>"; };
		426F45142528D20E00E6FCB6 /* PopcornSwirl.xcdatamodel */ = {isa = PBXFileReference; lastKnownFileType = wrapper.xcdatamodel; path = PopcornSwirl.xcdatamodel; sourceTree = "<group>"; };
		426F45162528D20E00E6FCB6 /* Info.plist */ = {isa = PBXFileReference; lastKnownFileType = text.plist.xml; path = Info.plist; sourceTree = "<group>"; };
		426F451E2528D34C00E6FCB6 /* American Captain.otf */ = {isa = PBXFileReference; lastKnownFileType = file; path = "American Captain.otf"; sourceTree = "<group>"; };
		426F451F2528D34C00E6FCB6 /* FjallaOne-Regular.ttf */ = {isa = PBXFileReference; lastKnownFileType = file; path = "FjallaOne-Regular.ttf"; sourceTree = "<group>"; };
		426F45202528D34C00E6FCB6 /* FHACondFrenchNC.otf */ = {isa = PBXFileReference; lastKnownFileType = file; path = FHACondFrenchNC.otf; sourceTree = "<group>"; };
		426F45242528D38200E6FCB6 /* MovieEntity+CoreDataClass.swift */ = {isa = PBXFileReference; lastKnownFileType = sourcecode.swift; path = "MovieEntity+CoreDataClass.swift"; sourceTree = "<group>"; };
		426F45252528D38200E6FCB6 /* MovieEntity+CoreDataProperties.swift */ = {isa = PBXFileReference; lastKnownFileType = sourcecode.swift; path = "MovieEntity+CoreDataProperties.swift"; sourceTree = "<group>"; };
		426F452E2528D47100E6FCB6 /* Font.swift */ = {isa = PBXFileReference; lastKnownFileType = sourcecode.swift; path = Font.swift; sourceTree = "<group>"; };
		426F45302528D48100E6FCB6 /* Color.swift */ = {isa = PBXFileReference; lastKnownFileType = sourcecode.swift; path = Color.swift; sourceTree = "<group>"; };
		426F45322528D4A900E6FCB6 /* Utilities.swift */ = {isa = PBXFileReference; lastKnownFileType = sourcecode.swift; path = Utilities.swift; sourceTree = "<group>"; };
		426F45342528D4CB00E6FCB6 /* MovieService.swift */ = {isa = PBXFileReference; lastKnownFileType = sourcecode.swift; path = MovieService.swift; sourceTree = "<group>"; };
		426F45362528D4E100E6FCB6 /* NetworkingService.swift */ = {isa = PBXFileReference; lastKnownFileType = sourcecode.swift; path = NetworkingService.swift; sourceTree = "<group>"; };
		426F45382528D4FA00E6FCB6 /* Movie.swift */ = {isa = PBXFileReference; lastKnownFileType = sourcecode.swift; path = Movie.swift; sourceTree = "<group>"; };
		426F453A2528D51300E6FCB6 /* Genre.swift */ = {isa = PBXFileReference; lastKnownFileType = sourcecode.swift; path = Genre.swift; sourceTree = "<group>"; };
		426F453E2528D54C00E6FCB6 /* DiscoverSceneView.swift */ = {isa = PBXFileReference; lastKnownFileType = sourcecode.swift; path = DiscoverSceneView.swift; sourceTree = "<group>"; };
		426F45402528D56F00E6FCB6 /* MyListSceneView.swift */ = {isa = PBXFileReference; lastKnownFileType = sourcecode.swift; path = MyListSceneView.swift; sourceTree = "<group>"; };
		426F45422528D59C00E6FCB6 /* MoviesSceneView.swift */ = {isa = PBXFileReference; lastKnownFileType = sourcecode.swift; path = MoviesSceneView.swift; sourceTree = "<group>"; };
		426F45452528D5BD00E6FCB6 /* SafariView.swift */ = {isa = PBXFileReference; lastKnownFileType = sourcecode.swift; path = SafariView.swift; sourceTree = "<group>"; };
		426F45472528D5DE00E6FCB6 /* DividerGradient.swift */ = {isa = PBXFileReference; lastKnownFileType = sourcecode.swift; path = DividerGradient.swift; sourceTree = "<group>"; };
		426F45492528D5F400E6FCB6 /* AcitivityIndicatorView.swift */ = {isa = PBXFileReference; lastKnownFileType = sourcecode.swift; path = AcitivityIndicatorView.swift; sourceTree = "<group>"; };
		426F454B2528D60800E6FCB6 /* SearchBarView.swift */ = {isa = PBXFileReference; lastKnownFileType = sourcecode.swift; path = SearchBarView.swift; sourceTree = "<group>"; };
		426F454D2528D62100E6FCB6 /* LoadingView.swift */ = {isa = PBXFileReference; lastKnownFileType = sourcecode.swift; path = LoadingView.swift; sourceTree = "<group>"; };
		426F454F2528D64E00E6FCB6 /* MoviePosterCarouselView.swift */ = {isa = PBXFileReference; lastKnownFileType = sourcecode.swift; path = MoviePosterCarouselView.swift; sourceTree = "<group>"; };
		426F45512528D66300E6FCB6 /* MoviesByGenreListView.swift */ = {isa = PBXFileReference; lastKnownFileType = sourcecode.swift; path = MoviesByGenreListView.swift; sourceTree = "<group>"; };
		426F45532528D68400E6FCB6 /* MoviePosterView.swift */ = {isa = PBXFileReference; lastKnownFileType = sourcecode.swift; path = MoviePosterView.swift; sourceTree = "<group>"; };
		426F45552528D69A00E6FCB6 /* MoviePosterCard.swift */ = {isa = PBXFileReference; lastKnownFileType = sourcecode.swift; path = MoviePosterCard.swift; sourceTree = "<group>"; };
		426F45572528D6BA00E6FCB6 /* MovieDetailView.swift */ = {isa = PBXFileReference; lastKnownFileType = sourcecode.swift; path = MovieDetailView.swift; sourceTree = "<group>"; };
		426F45592528D6E800E6FCB6 /* ImageLoader.swift */ = {isa = PBXFileReference; lastKnownFileType = sourcecode.swift; path = ImageLoader.swift; sourceTree = "<group>"; };
		426F455B2528D70400E6FCB6 /* MovieDetailState.swift */ = {isa = PBXFileReference; lastKnownFileType = sourcecode.swift; path = MovieDetailState.swift; sourceTree = "<group>"; };
		426F455D2528D71900E6FCB6 /* MovieSearchState.swift */ = {isa = PBXFileReference; lastKnownFileType = sourcecode.swift; path = MovieSearchState.swift; sourceTree = "<group>"; };
		426F455F2528D73900E6FCB6 /* GenreListState.swift */ = {isa = PBXFileReference; lastKnownFileType = sourcecode.swift; path = GenreListState.swift; sourceTree = "<group>"; };
		426F45612528D76200E6FCB6 /* MoviesByGenreListState.swift */ = {isa = PBXFileReference; lastKnownFileType = sourcecode.swift; path = MoviesByGenreListState.swift; sourceTree = "<group>"; };
		426F45632528D77A00E6FCB6 /* MovieListState.swift */ = {isa = PBXFileReference; lastKnownFileType = sourcecode.swift; path = MovieListState.swift; sourceTree = "<group>"; };
/* End PBXFileReference section */

/* Begin PBXFrameworksBuildPhase section */
		426F45022528D20D00E6FCB6 /* Frameworks */ = {
			isa = PBXFrameworksBuildPhase;
			buildActionMask = 2147483647;
			files = (
				420EBBC5252944CA0083FF7F /* GoogleMobileAds.framework in Frameworks */,
				420EBBC9252944CA0083FF7F /* UserMessagingPlatform.framework in Frameworks */,
				420EBBC4252944CA0083FF7F /* GoogleAppMeasurement.framework in Frameworks */,
				420EBBC6252944CA0083FF7F /* GoogleUtilities.xcframework in Frameworks */,
				420EBBC8252944CA0083FF7F /* nanopb.xcframework in Frameworks */,
				420EBBC7252944CA0083FF7F /* PromisesObjC.xcframework in Frameworks */,
			);
			runOnlyForDeploymentPostprocessing = 0;
		};
/* End PBXFrameworksBuildPhase section */

/* Begin PBXGroup section */
		4234169C25294745005CDD75 /* AdMob */ = {
			isa = PBXGroup;
			children = (
				4234169D25294754005CDD75 /* BannerVC.swift */,
			);
			path = AdMob;
			sourceTree = "<group>";
		};
		426F44FC2528D20D00E6FCB6 = {
			isa = PBXGroup;
			children = (
				426F45072528D20D00E6FCB6 /* PopcornSwirl */,
				426F45062528D20D00E6FCB6 /* Products */,
			);
			sourceTree = "<group>";
		};
		426F45062528D20D00E6FCB6 /* Products */ = {
			isa = PBXGroup;
			children = (
				426F45052528D20D00E6FCB6 /* PopcornSwirl.app */,
			);
			name = Products;
			sourceTree = "<group>";
		};
		426F45072528D20D00E6FCB6 /* PopcornSwirl */ = {
			isa = PBXGroup;
			children = (
				426F452C2528D45200E6FCB6 /* Services */,
				426F452B2528D44A00E6FCB6 /* Models */,
				426F452A2528D43A00E6FCB6 /* Components */,
				426F45292528D43200E6FCB6 /* Scenes */,
				426F45282528D42500E6FCB6 /* Bindings */,
				426F451C2528D21B00E6FCB6 /* CoreData */,
				426F45082528D20D00E6FCB6 /* PopcornSwirlApp.swift */,
				426F450A2528D20D00E6FCB6 /* ContentView.swift */,
				426F450C2528D20E00E6FCB6 /* Assets.xcassets */,
				426F45112528D20E00E6FCB6 /* Persistence.swift */,
				426F45162528D20E00E6FCB6 /* Info.plist */,
				426F452D2528D45D00E6FCB6 /* Extensions */,
				426F451D2528D32800E6FCB6 /* Fonts */,
				426F450E2528D20E00E6FCB6 /* Preview Content */,
			);
			path = PopcornSwirl;
			sourceTree = "<group>";
		};
		426F450E2528D20E00E6FCB6 /* Preview Content */ = {
			isa = PBXGroup;
			children = (
				420EBBBF252944CA0083FF7F /* GoogleMobileAds.framework */,
				420EBBC0252944CA0083FF7F /* GoogleUtilities.xcframework */,
				420EBBC2252944CA0083FF7F /* nanopb.xcframework */,
				420EBBC1252944CA0083FF7F /* PromisesObjC.xcframework */,
				420EBBBE252944C80083FF7F /* GoogleAppMeasurement.framework */,
				420EBBC3252944CA0083FF7F /* UserMessagingPlatform.framework */,
				426F450F2528D20E00E6FCB6 /* Preview Assets.xcassets */,
			);
			path = "Preview Content";
			sourceTree = "<group>";
		};
		426F451C2528D21B00E6FCB6 /* CoreData */ = {
			isa = PBXGroup;
			children = (
				426F45242528D38200E6FCB6 /* MovieEntity+CoreDataClass.swift */,
				426F45252528D38200E6FCB6 /* MovieEntity+CoreDataProperties.swift */,
				426F45132528D20E00E6FCB6 /* PopcornSwirl.xcdatamodeld */,
			);
			path = CoreData;
			sourceTree = "<group>";
		};
		426F451D2528D32800E6FCB6 /* Fonts */ = {
			isa = PBXGroup;
			children = (
				426F451E2528D34C00E6FCB6 /* American Captain.otf */,
				426F45202528D34C00E6FCB6 /* FHACondFrenchNC.otf */,
				426F451F2528D34C00E6FCB6 /* FjallaOne-Regular.ttf */,
			);
			path = Fonts;
			sourceTree = "<group>";
		};
		426F45282528D42500E6FCB6 /* Bindings */ = {
			isa = PBXGroup;
			children = (
				426F45592528D6E800E6FCB6 /* ImageLoader.swift */,
				426F455B2528D70400E6FCB6 /* MovieDetailState.swift */,
				426F455D2528D71900E6FCB6 /* MovieSearchState.swift */,
				426F455F2528D73900E6FCB6 /* GenreListState.swift */,
				426F45612528D76200E6FCB6 /* MoviesByGenreListState.swift */,
				426F45632528D77A00E6FCB6 /* MovieListState.swift */,
				4234169F2529F223005CDD75 /* OrientationInfo.swift */,
			);
			path = Bindings;
			sourceTree = "<group>";
		};
		426F45292528D43200E6FCB6 /* Scenes */ = {
			isa = PBXGroup;
			children = (
				426F45422528D59C00E6FCB6 /* MoviesSceneView.swift */,
				426F453E2528D54C00E6FCB6 /* DiscoverSceneView.swift */,
				426F45402528D56F00E6FCB6 /* MyListSceneView.swift */,
			);
			path = Scenes;
			sourceTree = "<group>";
		};
		426F452A2528D43A00E6FCB6 /* Components */ = {
			isa = PBXGroup;
			children = (
				4234169C25294745005CDD75 /* AdMob */,
				426F45442528D5B300E6FCB6 /* Customs */,
				426F45552528D69A00E6FCB6 /* MoviePosterCard.swift */,
				426F45572528D6BA00E6FCB6 /* MovieDetailView.swift */,
				426F454F2528D64E00E6FCB6 /* MoviePosterCarouselView.swift */,
				426F45512528D66300E6FCB6 /* MoviesByGenreListView.swift */,
				422DCBAF2528FAD3000BA018 /* MovieDropDownView.swift */,
				426F45532528D68400E6FCB6 /* MoviePosterView.swift */,
			);
			path = Components;
			sourceTree = "<group>";
		};
		426F452B2528D44A00E6FCB6 /* Models */ = {
			isa = PBXGroup;
			children = (
				426F45382528D4FA00E6FCB6 /* Movie.swift */,
				426F453A2528D51300E6FCB6 /* Genre.swift */,
			);
			path = Models;
			sourceTree = "<group>";
		};
		426F452C2528D45200E6FCB6 /* Services */ = {
			isa = PBXGroup;
			children = (
				426F45322528D4A900E6FCB6 /* Utilities.swift */,
				426F45342528D4CB00E6FCB6 /* MovieService.swift */,
				426F45362528D4E100E6FCB6 /* NetworkingService.swift */,
			);
			path = Services;
			sourceTree = "<group>";
		};
		426F452D2528D45D00E6FCB6 /* Extensions */ = {
			isa = PBXGroup;
			children = (
				426F452E2528D47100E6FCB6 /* Font.swift */,
				426F45302528D48100E6FCB6 /* Color.swift */,
			);
			path = Extensions;
			sourceTree = "<group>";
		};
		426F45442528D5B300E6FCB6 /* Customs */ = {
			isa = PBXGroup;
			children = (
				426F45452528D5BD00E6FCB6 /* SafariView.swift */,
				426F45472528D5DE00E6FCB6 /* DividerGradient.swift */,
				426F45492528D5F400E6FCB6 /* AcitivityIndicatorView.swift */,
				426F454B2528D60800E6FCB6 /* SearchBarView.swift */,
				426F454D2528D62100E6FCB6 /* LoadingView.swift */,
				423416A12529F906005CDD75 /* PopularityBadge.swift */,
			);
			path = Customs;
			sourceTree = "<group>";
		};
/* End PBXGroup section */

/* Begin PBXNativeTarget section */
		426F45042528D20D00E6FCB6 /* PopcornSwirl */ = {
			isa = PBXNativeTarget;
			buildConfigurationList = 426F45192528D20E00E6FCB6 /* Build configuration list for PBXNativeTarget "PopcornSwirl" */;
			buildPhases = (
				426F45012528D20D00E6FCB6 /* Sources */,
				426F45022528D20D00E6FCB6 /* Frameworks */,
				426F45032528D20D00E6FCB6 /* Resources */,
			);
			buildRules = (
			);
			dependencies = (
			);
			name = PopcornSwirl;
			productName = PopcornSwirl;
			productReference = 426F45052528D20D00E6FCB6 /* PopcornSwirl.app */;
			productType = "com.apple.product-type.application";
		};
/* End PBXNativeTarget section */

/* Begin PBXProject section */
		426F44FD2528D20D00E6FCB6 /* Project object */ = {
			isa = PBXProject;
			attributes = {
				LastSwiftUpdateCheck = 1200;
				LastUpgradeCheck = 1200;
				TargetAttributes = {
					426F45042528D20D00E6FCB6 = {
						CreatedOnToolsVersion = 12.0;
					};
				};
			};
			buildConfigurationList = 426F45002528D20D00E6FCB6 /* Build configuration list for PBXProject "PopcornSwirl" */;
			compatibilityVersion = "Xcode 9.3";
			developmentRegion = en;
			hasScannedForEncodings = 0;
			knownRegions = (
				en,
				Base,
			);
			mainGroup = 426F44FC2528D20D00E6FCB6;
			productRefGroup = 426F45062528D20D00E6FCB6 /* Products */;
			projectDirPath = "";
			projectRoot = "";
			targets = (
				426F45042528D20D00E6FCB6 /* PopcornSwirl */,
			);
		};
/* End PBXProject section */

/* Begin PBXResourcesBuildPhase section */
		426F45032528D20D00E6FCB6 /* Resources */ = {
			isa = PBXResourcesBuildPhase;
			buildActionMask = 2147483647;
			files = (
				426F45232528D34C00E6FCB6 /* FHACondFrenchNC.otf in Resources */,
				426F45222528D34C00E6FCB6 /* FjallaOne-Regular.ttf in Resources */,
				426F45102528D20E00E6FCB6 /* Preview Assets.xcassets in Resources */,
				426F450D2528D20E00E6FCB6 /* Assets.xcassets in Resources */,
				426F45212528D34C00E6FCB6 /* American Captain.otf in Resources */,
			);
			runOnlyForDeploymentPostprocessing = 0;
		};
/* End PBXResourcesBuildPhase section */

/* Begin PBXSourcesBuildPhase section */
		426F45012528D20D00E6FCB6 /* Sources */ = {
			isa = PBXSourcesBuildPhase;
			buildActionMask = 2147483647;
			files = (
				426F454C2528D60800E6FCB6 /* SearchBarView.swift in Sources */,
				426F45562528D69A00E6FCB6 /* MoviePosterCard.swift in Sources */,
				426F45122528D20E00E6FCB6 /* Persistence.swift in Sources */,
				426F45392528D4FA00E6FCB6 /* Movie.swift in Sources */,
				426F45462528D5BD00E6FCB6 /* SafariView.swift in Sources */,
				422DCBB02528FAD3000BA018 /* MovieDropDownView.swift in Sources */,
				426F455A2528D6E800E6FCB6 /* ImageLoader.swift in Sources */,
				426F45482528D5DE00E6FCB6 /* DividerGradient.swift in Sources */,
				426F455E2528D71900E6FCB6 /* MovieSearchState.swift in Sources */,
				426F454E2528D62100E6FCB6 /* LoadingView.swift in Sources */,
				426F450B2528D20D00E6FCB6 /* ContentView.swift in Sources */,
				426F45622528D76200E6FCB6 /* MoviesByGenreListState.swift in Sources */,
				423416A22529F906005CDD75 /* PopularityBadge.swift in Sources */,
				426F45412528D56F00E6FCB6 /* MyListSceneView.swift in Sources */,
				426F45642528D77A00E6FCB6 /* MovieListState.swift in Sources */,
				426F45502528D64E00E6FCB6 /* MoviePosterCarouselView.swift in Sources */,
				426F452F2528D47100E6FCB6 /* Font.swift in Sources */,
				426F45602528D73900E6FCB6 /* GenreListState.swift in Sources */,
				426F453F2528D54C00E6FCB6 /* DiscoverSceneView.swift in Sources */,
				4234169E25294754005CDD75 /* BannerVC.swift in Sources */,
				423416A02529F223005CDD75 /* OrientationInfo.swift in Sources */,
				426F45092528D20D00E6FCB6 /* PopcornSwirlApp.swift in Sources */,
				426F45352528D4CB00E6FCB6 /* MovieService.swift in Sources */,
				426F45432528D59C00E6FCB6 /* MoviesSceneView.swift in Sources */,
				426F45152528D20E00E6FCB6 /* PopcornSwirl.xcdatamodeld in Sources */,
				426F45312528D48100E6FCB6 /* Color.swift in Sources */,
				426F45542528D68400E6FCB6 /* MoviePosterView.swift in Sources */,
				426F45332528D4A900E6FCB6 /* Utilities.swift in Sources */,
				426F453B2528D51300E6FCB6 /* Genre.swift in Sources */,
				426F455C2528D70400E6FCB6 /* MovieDetailState.swift in Sources */,
				426F45582528D6BA00E6FCB6 /* MovieDetailView.swift in Sources */,
				426F45522528D66300E6FCB6 /* MoviesByGenreListView.swift in Sources */,
				426F45372528D4E100E6FCB6 /* NetworkingService.swift in Sources */,
				426F45262528D38200E6FCB6 /* MovieEntity+CoreDataClass.swift in Sources */,
				426F45272528D38200E6FCB6 /* MovieEntity+CoreDataProperties.swift in Sources */,
				426F454A2528D5F400E6FCB6 /* AcitivityIndicatorView.swift in Sources */,
			);
			runOnlyForDeploymentPostprocessing = 0;
		};
/* End PBXSourcesBuildPhase section */

/* Begin XCBuildConfiguration section */
		426F45172528D20E00E6FCB6 /* Debug */ = {
			isa = XCBuildConfiguration;
			buildSettings = {
				ALWAYS_SEARCH_USER_PATHS = NO;
				CLANG_ANALYZER_NONNULL = YES;
				CLANG_ANALYZER_NUMBER_OBJECT_CONVERSION = YES_AGGRESSIVE;
				CLANG_CXX_LANGUAGE_STANDARD = "gnu++14";
				CLANG_CXX_LIBRARY = "libc++";
				CLANG_ENABLE_MODULES = YES;
				CLANG_ENABLE_OBJC_ARC = YES;
				CLANG_ENABLE_OBJC_WEAK = YES;
				CLANG_WARN_BLOCK_CAPTURE_AUTORELEASING = YES;
				CLANG_WARN_BOOL_CONVERSION = YES;
				CLANG_WARN_COMMA = YES;
				CLANG_WARN_CONSTANT_CONVERSION = YES;
				CLANG_WARN_DEPRECATED_OBJC_IMPLEMENTATIONS = YES;
				CLANG_WARN_DIRECT_OBJC_ISA_USAGE = YES_ERROR;
				CLANG_WARN_DOCUMENTATION_COMMENTS = YES;
				CLANG_WARN_EMPTY_BODY = YES;
				CLANG_WARN_ENUM_CONVERSION = YES;
				CLANG_WARN_INFINITE_RECURSION = YES;
				CLANG_WARN_INT_CONVERSION = YES;
				CLANG_WARN_NON_LITERAL_NULL_CONVERSION = YES;
				CLANG_WARN_OBJC_IMPLICIT_RETAIN_SELF = YES;
				CLANG_WARN_OBJC_LITERAL_CONVERSION = YES;
				CLANG_WARN_OBJC_ROOT_CLASS = YES_ERROR;
				CLANG_WARN_QUOTED_INCLUDE_IN_FRAMEWORK_HEADER = YES;
				CLANG_WARN_RANGE_LOOP_ANALYSIS = YES;
				CLANG_WARN_STRICT_PROTOTYPES = YES;
				CLANG_WARN_SUSPICIOUS_MOVE = YES;
				CLANG_WARN_UNGUARDED_AVAILABILITY = YES_AGGRESSIVE;
				CLANG_WARN_UNREACHABLE_CODE = YES;
				CLANG_WARN__DUPLICATE_METHOD_MATCH = YES;
				COPY_PHASE_STRIP = NO;
				DEBUG_INFORMATION_FORMAT = dwarf;
				ENABLE_STRICT_OBJC_MSGSEND = YES;
				ENABLE_TESTABILITY = YES;
				GCC_C_LANGUAGE_STANDARD = gnu11;
				GCC_DYNAMIC_NO_PIC = NO;
				GCC_NO_COMMON_BLOCKS = YES;
				GCC_OPTIMIZATION_LEVEL = 0;
				GCC_PREPROCESSOR_DEFINITIONS = (
					"DEBUG=1",
					"$(inherited)",
				);
				GCC_WARN_64_TO_32_BIT_CONVERSION = YES;
				GCC_WARN_ABOUT_RETURN_TYPE = YES_ERROR;
				GCC_WARN_UNDECLARED_SELECTOR = YES;
				GCC_WARN_UNINITIALIZED_AUTOS = YES_AGGRESSIVE;
				GCC_WARN_UNUSED_FUNCTION = YES;
				GCC_WARN_UNUSED_VARIABLE = YES;
				IPHONEOS_DEPLOYMENT_TARGET = 14.0;
				MTL_ENABLE_DEBUG_INFO = INCLUDE_SOURCE;
				MTL_FAST_MATH = YES;
				ONLY_ACTIVE_ARCH = YES;
				SDKROOT = iphoneos;
				SWIFT_ACTIVE_COMPILATION_CONDITIONS = DEBUG;
				SWIFT_OPTIMIZATION_LEVEL = "-Onone";
			};
			name = Debug;
		};
		426F45182528D20E00E6FCB6 /* Release */ = {
			isa = XCBuildConfiguration;
			buildSettings = {
				ALWAYS_SEARCH_USER_PATHS = NO;
				CLANG_ANALYZER_NONNULL = YES;
				CLANG_ANALYZER_NUMBER_OBJECT_CONVERSION = YES_AGGRESSIVE;
				CLANG_CXX_LANGUAGE_STANDARD = "gnu++14";
				CLANG_CXX_LIBRARY = "libc++";
				CLANG_ENABLE_MODULES = YES;
				CLANG_ENABLE_OBJC_ARC = YES;
				CLANG_ENABLE_OBJC_WEAK = YES;
				CLANG_WARN_BLOCK_CAPTURE_AUTORELEASING = YES;
				CLANG_WARN_BOOL_CONVERSION = YES;
				CLANG_WARN_COMMA = YES;
				CLANG_WARN_CONSTANT_CONVERSION = YES;
				CLANG_WARN_DEPRECATED_OBJC_IMPLEMENTATIONS = YES;
				CLANG_WARN_DIRECT_OBJC_ISA_USAGE = YES_ERROR;
				CLANG_WARN_DOCUMENTATION_COMMENTS = YES;
				CLANG_WARN_EMPTY_BODY = YES;
				CLANG_WARN_ENUM_CONVERSION = YES;
				CLANG_WARN_INFINITE_RECURSION = YES;
				CLANG_WARN_INT_CONVERSION = YES;
				CLANG_WARN_NON_LITERAL_NULL_CONVERSION = YES;
				CLANG_WARN_OBJC_IMPLICIT_RETAIN_SELF = YES;
				CLANG_WARN_OBJC_LITERAL_CONVERSION = YES;
				CLANG_WARN_OBJC_ROOT_CLASS = YES_ERROR;
				CLANG_WARN_QUOTED_INCLUDE_IN_FRAMEWORK_HEADER = YES;
				CLANG_WARN_RANGE_LOOP_ANALYSIS = YES;
				CLANG_WARN_STRICT_PROTOTYPES = YES;
				CLANG_WARN_SUSPICIOUS_MOVE = YES;
				CLANG_WARN_UNGUARDED_AVAILABILITY = YES_AGGRESSIVE;
				CLANG_WARN_UNREACHABLE_CODE = YES;
				CLANG_WARN__DUPLICATE_METHOD_MATCH = YES;
				COPY_PHASE_STRIP = NO;
				DEBUG_INFORMATION_FORMAT = "dwarf-with-dsym";
				ENABLE_NS_ASSERTIONS = NO;
				ENABLE_STRICT_OBJC_MSGSEND = YES;
				GCC_C_LANGUAGE_STANDARD = gnu11;
				GCC_NO_COMMON_BLOCKS = YES;
				GCC_WARN_64_TO_32_BIT_CONVERSION = YES;
				GCC_WARN_ABOUT_RETURN_TYPE = YES_ERROR;
				GCC_WARN_UNDECLARED_SELECTOR = YES;
				GCC_WARN_UNINITIALIZED_AUTOS = YES_AGGRESSIVE;
				GCC_WARN_UNUSED_FUNCTION = YES;
				GCC_WARN_UNUSED_VARIABLE = YES;
				IPHONEOS_DEPLOYMENT_TARGET = 14.0;
				MTL_ENABLE_DEBUG_INFO = NO;
				MTL_FAST_MATH = YES;
				SDKROOT = iphoneos;
				SWIFT_COMPILATION_MODE = wholemodule;
				SWIFT_OPTIMIZATION_LEVEL = "-O";
				VALIDATE_PRODUCT = YES;
			};
			name = Release;
		};
		426F451A2528D20E00E6FCB6 /* Debug */ = {
			isa = XCBuildConfiguration;
			buildSettings = {
				ASSETCATALOG_COMPILER_APPICON_NAME = AppIcon;
				ASSETCATALOG_COMPILER_GLOBAL_ACCENT_COLOR_NAME = AccentColor;
				CODE_SIGN_STYLE = Automatic;
				DEVELOPMENT_ASSET_PATHS = "\"PopcornSwirl/Preview Content\"";
				DEVELOPMENT_TEAM = Q4YKPW2G86;
				ENABLE_PREVIEWS = YES;
				FRAMEWORK_SEARCH_PATHS = (
					"$(inherited)",
					"$(PROJECT_DIR)/PopcornSwirl/Preview\\ Content",
					"$(PROJECT_DIR)/PopcornSwirl/Preview\\ Content",
					"$(PROJECT_DIR)/PopcornSwirl/Preview\\ Content",
				);
				INFOPLIST_FILE = PopcornSwirl/Info.plist;
				IPHONEOS_DEPLOYMENT_TARGET = 14.0;
				LD_RUNPATH_SEARCH_PATHS = (
					"$(inherited)",
					"@executable_path/Frameworks",
				);
				OTHER_LDFLAGS = "-ObjC";
				PRODUCT_BUNDLE_IDENTIFIER = GabrielBalta.PopcornSwirl;
				PRODUCT_NAME = "$(TARGET_NAME)";
				SWIFT_VERSION = 5.0;
				TARGETED_DEVICE_FAMILY = "1,2";
			};
			name = Debug;
		};
		426F451B2528D20E00E6FCB6 /* Release */ = {
			isa = XCBuildConfiguration;
			buildSettings = {
				ASSETCATALOG_COMPILER_APPICON_NAME = AppIcon;
				ASSETCATALOG_COMPILER_GLOBAL_ACCENT_COLOR_NAME = AccentColor;
				CODE_SIGN_STYLE = Automatic;
				DEVELOPMENT_ASSET_PATHS = "\"PopcornSwirl/Preview Content\"";
				DEVELOPMENT_TEAM = Q4YKPW2G86;
				ENABLE_PREVIEWS = YES;
				FRAMEWORK_SEARCH_PATHS = (
					"$(inherited)",
					"$(PROJECT_DIR)/PopcornSwirl/Preview\\ Content",
					"$(PROJECT_DIR)/PopcornSwirl/Preview\\ Content",
					"$(PROJECT_DIR)/PopcornSwirl/Preview\\ Content",
				);
				INFOPLIST_FILE = PopcornSwirl/Info.plist;
				IPHONEOS_DEPLOYMENT_TARGET = 14.0;
				LD_RUNPATH_SEARCH_PATHS = (
					"$(inherited)",
					"@executable_path/Frameworks",
				);
				OTHER_LDFLAGS = "-ObjC";
				PRODUCT_BUNDLE_IDENTIFIER = GabrielBalta.PopcornSwirl;
				PRODUCT_NAME = "$(TARGET_NAME)";
				SWIFT_VERSION = 5.0;
				TARGETED_DEVICE_FAMILY = "1,2";
			};
			name = Release;
		};
/* End XCBuildConfiguration section */

/* Begin XCConfigurationList section */
		426F45002528D20D00E6FCB6 /* Build configuration list for PBXProject "PopcornSwirl" */ = {
			isa = XCConfigurationList;
			buildConfigurations = (
				426F45172528D20E00E6FCB6 /* Debug */,
				426F45182528D20E00E6FCB6 /* Release */,
			);
			defaultConfigurationIsVisible = 0;
			defaultConfigurationName = Release;
		};
		426F45192528D20E00E6FCB6 /* Build configuration list for PBXNativeTarget "PopcornSwirl" */ = {
			isa = XCConfigurationList;
			buildConfigurations = (
				426F451A2528D20E00E6FCB6 /* Debug */,
				426F451B2528D20E00E6FCB6 /* Release */,
			);
			defaultConfigurationIsVisible = 0;
			defaultConfigurationName = Release;
		};
/* End XCConfigurationList section */

/* Begin XCVersionGroup section */
		426F45132528D20E00E6FCB6 /* PopcornSwirl.xcdatamodeld */ = {
			isa = XCVersionGroup;
			children = (
				426F45142528D20E00E6FCB6 /* PopcornSwirl.xcdatamodel */,
			);
			currentVersion = 426F45142528D20E00E6FCB6 /* PopcornSwirl.xcdatamodel */;
			path = PopcornSwirl.xcdatamodeld;
			sourceTree = "<group>";
			versionGroupType = wrapper.xcdatamodel;
		};
/* End XCVersionGroup section */
	};
	rootObject = 426F44FD2528D20D00E6FCB6 /* Project object */;
}
